
Microsoft Visual Studio Solution File, Format Version 12.00
# Visual Studio Version 17
VisualStudioVersion = 17.9.34728.123
MinimumVisualStudioVersion = 10.0.40219.1
Project("{FAE04EC0-301F-11D3-BF4B-00C04F79EFBC}") = "Finding_the_shortest_route", "Finding_the_shortest_route.csproj", "{635841B9-70B4-46BA-A21B-E7488F6DABD6}"
EndProject
Global
	GlobalSection(SolutionConfigurationPlatforms) = preSolution
		Debug|Any CPU = Debug|Any CPU
		Release|Any CPU = Release|Any CPU
	EndGlobalSection
	GlobalSection(ProjectConfigurationPlatforms) = postSolution
		{635841B9-70B4-46BA-A21B-E7488F6DABD6}.Debug|Any CPU.ActiveCfg = Debug|Any CPU
		{635841B9-70B4-46BA-A21B-E7488F6DABD6}.Debug|Any CPU.Build.0 = Debug|Any CPU
		{635841B9-70B4-46BA-A21B-E7488F6DABD6}.Release|Any CPU.ActiveCfg = Release|Any CPU
		{635841B9-70B4-46BA-A21B-E7488F6DABD6}.Release|Any CPU.Build.0 = Release|Any CPU
	EndGlobalSection
	GlobalSection(SolutionProperties) = preSolution
		HideSolutionNode = FALSE
	EndGlobalSection
	GlobalSection(ExtensibilityGlobals) = postSolution
		SolutionGuid = {23D5BF0A-AE80-464E-A3C5-5813975817FC}
	EndGlobalSection
EndGlobal
